version = 1
revision = 3
requires-python = ">=3.13"

[[package]]
name = "hackernews"
version = "0.1.0"
source = { virtual = "." }
dependencies = [
    { name = "polars" },
]

[package.metadata]
requires-dist = [{ name = "polars", specifier = ">=1.37.0" }]

[[package]]
name = "polars"
version = "1.37.0"
source = { registry = "https://pypi.org/simple" }
dependencies = [
    { name = "polars-runtime-32" },
]
sdist = { url = "https://files.pythonhosted.org/packages/6c/b5/ce40267c54b66f93572d84f7ba1c216b72a71cb2235e3724fab0911541fe/polars-1.37.0.tar.gz", hash = "sha256:6bbbeefb6f02f848d46ad4f4e922a92573986fd38611801c696bae98b02be4c8", size = 715429, upload-time = "2026-01-10T12:28:06.741Z" }
wheels = [
    { url = "https://files.pythonhosted.org/packages/31/07/d890382bbfdeb25db039ef4a8c8f93b3faf0016e18130513274204954203/polars-1.37.0-py3-none-any.whl", hash = "sha256:fcc549b9923ef1bd6fd99b5fd0a00dfedf85406f4758ae018a69bcd18a91f113", size = 805614, upload-time = "2026-01-10T12:26:47.897Z" },
]

[[package]]
name = "polars-runtime-32"
version = "1.37.0"
source = { registry = "https://pypi.org/simple" }
sdist = { url = "https://files.pythonhosted.org/packages/30/92/b818590a5ebcc55657f5483f26133174bd2b9ca88457b60c93669a9d0c75/polars_runtime_32-1.37.0.tar.gz", hash = "sha256:954ddb056e3a2db2cbcaae501225ac5604d1599b6debd9c6dbdf8efbac0e6511", size = 2820371, upload-time = "2026-01-10T12:28:08.195Z" }
wheels = [
    { url = "https://files.pythonhosted.org/packages/f0/67/76162c9fcc71b917bdfd2804eaf0ab7cdb264a89b89af4f195a918f9f97d/polars_runtime_32-1.37.0-cp310-abi3-macosx_10_12_x86_64.whl", hash = "sha256:3591f4b8e734126d713a12869d3727360acbbcd1d440b45d830497a317a5a8b3", size = 43518436, upload-time = "2026-01-10T12:26:51.442Z" },
    { url = "https://files.pythonhosted.org/packages/cb/ec/56f328e8fa4ebea453f5bc10c579774dff774a873ff224b3108d53c514f9/polars_runtime_32-1.37.0-cp310-abi3-macosx_11_0_arm64.whl", hash = "sha256:47849420859159681e94589daad3a04ff66a2379c116ccd812d043f7ffe0094c", size = 39663939, upload-time = "2026-01-10T12:26:54.664Z" },
    { url = "https://files.pythonhosted.org/packages/4c/b2/f1ea0edba327a92ce0158b7a0e4abe21f541e44c9fb8ec932cc47592ca5c/polars_runtime_32-1.37.0-cp310-abi3-manylinux_2_17_aarch64.manylinux2014_aarch64.whl", hash = "sha256:4648ea1e821b9a841b2a562f27bcf54ff1ad21f9c217adcf0f7d0b3c33dc6400", size = 41481348, upload-time = "2026-01-10T12:26:57.598Z" },
    { url = "https://files.pythonhosted.org/packages/3b/21/788a3dd724bb21cf42e2f4daa6510a47787e8b30dd535aa6cae20ea968d0/polars_runtime_32-1.37.0-cp310-abi3-manylinux_2_17_x86_64.manylinux2014_x86_64.whl", hash = "sha256:5272b6f1680a3e0d77c9f07cb5a54f307079eb5d519c71aa3c37b9af0ee03a9e", size = 45168069, upload-time = "2026-01-10T12:27:00.98Z" },
    { url = "https://files.pythonhosted.org/packages/8a/73/823d6534a20ebdcec4b7706ab2b3f2cfb8e07571305f4e7381cc22d83e31/polars_runtime_32-1.37.0-cp310-abi3-musllinux_1_2_aarch64.whl", hash = "sha256:73301ef4fe80d8d748085259a4063ac52ff058088daa702e2a75e7d1ab7f14fc", size = 41675645, upload-time = "2026-01-10T12:27:04.334Z" },
    { url = "https://files.pythonhosted.org/packages/30/54/1bacad96dc2b67d33b886a45b249777212782561493718785cb27c7c362a/polars_runtime_32-1.37.0-cp310-abi3-musllinux_1_2_x86_64.whl", hash = "sha256:c60d523d738a7b3660d9abdfaff798f7602488f469d427865965b0bd2e40473a", size = 44737715, upload-time = "2026-01-10T12:27:08.152Z" },
    { url = "https://files.pythonhosted.org/packages/38/e3/aad525d8d89b903fcfa2bd0b4cb66b8a6e83e80b3d1348c5a428092d2983/polars_runtime_32-1.37.0-cp310-abi3-win_amd64.whl", hash = "sha256:f87f76f16e8030d277ecca0c0976aca62ec2b6ba2099ee9c6f75dfc97e7dc1b1", size = 45018403, upload-time = "2026-01-10T12:27:11.292Z" },
    { url = "https://files.pythonhosted.org/packages/0e/4d/ddcaa5f2e18763e02e66d0fd2efca049a42fe96fbeda188e89aeb38dd6fa/polars_runtime_32-1.37.0-cp310-abi3-win_arm64.whl", hash = "sha256:7ffbd9487e3668b0a57519f7ab5ab53ab656086db9f62dceaab41393a07be721", size = 41026243, upload-time = "2026-01-10T12:27:14.563Z" },
]
